
Microsoft Visual Studio Solution File, Format Version 12.00
# Visual Studio Version 16
VisualStudioVersion = 16.0.30225.117
MinimumVisualStudioVersion = 10.0.40219.1
Project("{FAE04EC0-301F-11D3-BF4B-00C04F79EFBC}") = "ShoppingApp", "ShoppingApp\ShoppingApp.csproj", "{8268786A-6124-4D76-AAD6-25678F611013}"
EndProject
Global
	GlobalSection(SolutionConfigurationPlatforms) = preSolution
		Debug|Any CPU = Debug|Any CPU
		Release|Any CPU = Release|Any CPU
	EndGlobalSection
	GlobalSection(ProjectConfigurationPlatforms) = postSolution
		{8268786A-6124-4D76-AAD6-25678F611013}.Debug|Any CPU.ActiveCfg = Debug|Any CPU
		{8268786A-6124-4D76-AAD6-25678F611013}.Debug|Any CPU.Build.0 = Debug|Any CPU
		{8268786A-6124-4D76-AAD6-25678F611013}.Release|Any CPU.ActiveCfg = Release|Any CPU
		{8268786A-6124-4D76-AAD6-25678F611013}.Release|Any CPU.Build.0 = Release|Any CPU
	EndGlobalSection
	GlobalSection(SolutionProperties) = preSolution
		HideSolutionNode = FALSE
	EndGlobalSection
	GlobalSection(ExtensibilityGlobals) = postSolution
		SolutionGuid = {B91F3210-D58E-4850-8B55-391F55F6BFCF}
	EndGlobalSection
EndGlobal
